{
  "name": "sidekick",
  "version": "1.0.0",
  "lockfileVersion": 3,
  "requires": true,
  "packages": {
    "": {
      "name": "sidekick",
      "version": "1.0.0",
      "license": "UNLICENSED",
      "dependencies": {
        "@types/chrome": "^0.0.212",
        "react": "^18.2.0",
        "react-dom": "^18.2.0",
        "webextension-polyfill-ts": "^0.26.0"
      },
      "devDependencies": {
        "@types/react-dom": "^18.0.10",
        "esbuild": "^0.16.14",
        "typescript": "^4.9.4"
      }
    },
    "node_modules/@esbuild/darwin-x64": {
      "version": "0.16.14",
      "cpu": [
        "x64"
      ],
      "dev": true,
      "license": "MIT",
      "optional": true,
      "os": [
        "darwin"
      ],
      "engines": {
        "node": ">=12"
      }
    },
    "node_modules/@types/chrome": {
      "version": "0.0.212",
      "resolved": "https://registry.npmjs.org/@types/chrome/-/chrome-0.0.212.tgz",
      "integrity": "sha512-O9blKfj6mQyBvkexEa71xcpRfkjAu8izQD3qGYfdwffk+mJhF7eogz628bZr5dETT6Eu7vU0stUGYG/+EQWj9g==",
      "dependencies": {
        "@types/filesystem": "*",
        "@types/har-format": "*"
      }
    },
    "node_modules/@types/filesystem": {
      "version": "0.0.32",
      "resolved": "https://registry.npmjs.org/@types/filesystem/-/filesystem-0.0.32.tgz",
      "integrity": "sha512-Yuf4jR5YYMR2DVgwuCiP11s0xuVRyPKmz8vo6HBY3CGdeMj8af93CFZX+T82+VD1+UqHOxTq31lO7MI7lepBtQ==",
      "dependencies": {
        "@types/filewriter": "*"
      }
    },
    "node_modules/@types/filewriter": {
      "version": "0.0.29",
      "resolved": "https://registry.npmjs.org/@types/filewriter/-/filewriter-0.0.29.tgz",
      "integrity": "sha512-BsPXH/irW0ht0Ji6iw/jJaK8Lj3FJemon2gvEqHKpCdDCeemHa+rI3WBGq5z7cDMZgoLjY40oninGxqk+8NzNQ=="
    },
    "node_modules/@types/har-format": {
      "version": "1.2.10",
      "resolved": "https://registry.npmjs.org/@types/har-format/-/har-format-1.2.10.tgz",
      "integrity": "sha512-o0J30wqycjF5miWDKYKKzzOU1ZTLuA42HZ4HE7/zqTOc/jTLdQ5NhYWvsRQo45Nfi1KHoRdNhteSI4BAxTF1Pg=="
    },
    "node_modules/@types/prop-types": {
      "version": "15.7.5",
      "dev": true,
      "license": "MIT"
    },
    "node_modules/@types/react": {
      "version": "18.0.26",
      "dev": true,
      "license": "MIT",
      "dependencies": {
        "@types/prop-types": "*",
        "@types/scheduler": "*",
        "csstype": "^3.0.2"
      }
    },
    "node_modules/@types/react-dom": {
      "version": "18.0.10",
      "dev": true,
      "license": "MIT",
      "dependencies": {
        "@types/react": "*"
      }
    },
    "node_modules/@types/scheduler": {
      "version": "0.16.2",
      "dev": true,
      "license": "MIT"
    },
    "node_modules/csstype": {
      "version": "3.1.1",
      "dev": true,
      "license": "MIT"
    },
    "node_modules/esbuild": {
      "version": "0.16.14",
      "dev": true,
      "hasInstallScript": true,
      "license": "MIT",
      "bin": {
        "esbuild": "bin/esbuild"
      },
      "engines": {
        "node": ">=12"
      },
      "optionalDependencies": {
        "@esbuild/android-arm": "0.16.14",
        "@esbuild/android-arm64": "0.16.14",
        "@esbuild/android-x64": "0.16.14",
        "@esbuild/darwin-arm64": "0.16.14",
        "@esbuild/darwin-x64": "0.16.14",
        "@esbuild/freebsd-arm64": "0.16.14",
        "@esbuild/freebsd-x64": "0.16.14",
        "@esbuild/linux-arm": "0.16.14",
        "@esbuild/linux-arm64": "0.16.14",
        "@esbuild/linux-ia32": "0.16.14",
        "@esbuild/linux-loong64": "0.16.14",
        "@esbuild/linux-mips64el": "0.16.14",
        "@esbuild/linux-ppc64": "0.16.14",
        "@esbuild/linux-riscv64": "0.16.14",
        "@esbuild/linux-s390x": "0.16.14",
        "@esbuild/linux-x64": "0.16.14",
        "@esbuild/netbsd-x64": "0.16.14",
        "@esbuild/openbsd-x64": "0.16.14",
        "@esbuild/sunos-x64": "0.16.14",
        "@esbuild/win32-arm64": "0.16.14",
        "@esbuild/win32-ia32": "0.16.14",
        "@esbuild/win32-x64": "0.16.14"
      }
    },
    "node_modules/js-tokens": {
      "version": "4.0.0",
      "license": "MIT"
    },
    "node_modules/loose-envify": {
      "version": "1.4.0",
      "license": "MIT",
      "dependencies": {
        "js-tokens": "^3.0.0 || ^4.0.0"
      },
      "bin": {
        "loose-envify": "cli.js"
      }
    },
    "node_modules/react": {
      "version": "18.2.0",
      "license": "MIT",
      "dependencies": {
        "loose-envify": "^1.1.0"
      },
      "engines": {
        "node": ">=0.10.0"
      }
    },
    "node_modules/react-dom": {
      "version": "18.2.0",
      "license": "MIT",
      "dependencies": {
        "loose-envify": "^1.1.0",
        "scheduler": "^0.23.0"
      },
      "peerDependencies": {
        "react": "^18.2.0"
      }
    },
    "node_modules/scheduler": {
      "version": "0.23.0",
      "license": "MIT",
      "dependencies": {
        "loose-envify": "^1.1.0"
      }
    },
    "node_modules/typescript": {
      "version": "4.9.4",
      "dev": true,
      "license": "Apache-2.0",
      "bin": {
        "tsc": "bin/tsc",
        "tsserver": "bin/tsserver"
      },
      "engines": {
        "node": ">=4.2.0"
      }
    },
    "node_modules/webextension-polyfill": {
      "version": "0.8.0",
      "license": "MPL-2.0"
    },
    "node_modules/webextension-polyfill-ts": {
      "version": "0.26.0",
      "license": "Zlib",
      "dependencies": {
        "webextension-polyfill": "^0.8.0"
      }
    }
  }
}
